// !$*UTF8*$!
{
	archiveVersion = 1;
	classes = {
	};
	objectVersion = 50;
	objects = {

/* Begin PBXBuildFile section */
		B1297652258F3EA200CD070C /* advancedCalculator.m in Sources */ = {isa = PBXBuildFile; fileRef = B1297651258F3EA200CD070C /* advancedCalculator.m */; };
		B1C703A1258E6B060084A492 /* AppDelegate.m in Sources */ = {isa = PBXBuildFile; fileRef = B1C703A0258E6B060084A492 /* AppDelegate.m */; };
		B1C703A4258E6B060084A492 /* SceneDelegate.m in Sources */ = {isa = PBXBuildFile; fileRef = B1C703A3258E6B060084A492 /* SceneDelegate.m */; };
		B1C703A7258E6B060084A492 /* ViewController.m in Sources */ = {isa = PBXBuildFile; fileRef = B1C703A6258E6B060084A492 /* ViewController.m */; };
		B1C703AA258E6B060084A492 /* Main.storyboard in Resources */ = {isa = PBXBuildFile; fileRef = B1C703A8258E6B060084A492 /* Main.storyboard */; };
		B1C703AC258E6B0A0084A492 /* Assets.xcassets in Resources */ = {isa = PBXBuildFile; fileRef = B1C703AB258E6B0A0084A492 /* Assets.xcassets */; };
		B1C703AF258E6B0A0084A492 /* LaunchScreen.storyboard in Resources */ = {isa = PBXBuildFile; fileRef = B1C703AD258E6B0A0084A492 /* LaunchScreen.storyboard */; };
		B1C703B2258E6B0A0084A492 /* main.m in Sources */ = {isa = PBXBuildFile; fileRef = B1C703B1258E6B0A0084A492 /* main.m */; };
		B1C703BC258E6B0A0084A492 /* demo_3_1Tests.m in Sources */ = {isa = PBXBuildFile; fileRef = B1C703BB258E6B0A0084A492 /* demo_3_1Tests.m */; };
		B1C703C7258E6B0A0084A492 /* demo_3_1UITests.m in Sources */ = {isa = PBXBuildFile; fileRef = B1C703C6258E6B0A0084A492 /* demo_3_1UITests.m */; };
		B1C703E2258E6CD40084A492 /* Calculator.m in Sources */ = {isa = PBXBuildFile; fileRef = B1C703E1258E6CD40084A492 /* Calculator.m */; };
		B1C703EB258E6D770084A492 /* btnView.m in Sources */ = {isa = PBXBuildFile; fileRef = B1C703EA258E6D770084A492 /* btnView.m */; };
		B1F16FAD2592FF570020FD17 /* SecondViewController.m in Sources */ = {isa = PBXBuildFile; fileRef = B1F16FAC2592FF570020FD17 /* SecondViewController.m */; };
		B1F16FB3259339FA0020FD17 /* Calculator+Health.m in Sources */ = {isa = PBXBuildFile; fileRef = B1F16FB2259339FA0020FD17 /* Calculator+Health.m */; };
		B1F16FB9259341650020FD17 /* HealthViewController.m in Sources */ = {isa = PBXBuildFile; fileRef = B1F16FB8259341650020FD17 /* HealthViewController.m */; };
/* End PBXBuildFile section */

/* Begin PBXContainerItemProxy section */
		B1C703B8258E6B0A0084A492 /* PBXContainerItemProxy */ = {
			isa = PBXContainerItemProxy;
			containerPortal = B1C70394258E6B060084A492 /* Project object */;
			proxyType = 1;
			remoteGlobalIDString = B1C7039B258E6B060084A492;
			remoteInfo = demo_3.1;
		};
		B1C703C3258E6B0A0084A492 /* PBXContainerItemProxy */ = {
			isa = PBXContainerItemProxy;
			containerPortal = B1C70394258E6B060084A492 /* Project object */;
			proxyType = 1;
			remoteGlobalIDString = B1C7039B258E6B060084A492;
			remoteInfo = demo_3.1;
		};
/* End PBXContainerItemProxy section */

/* Begin PBXFileReference section */
		B1297650258F3EA200CD070C /* advancedCalculator.h */ = {isa = PBXFileReference; lastKnownFileType = sourcecode.c.h; path = advancedCalculator.h; sourceTree = "<group>"; };
		B1297651258F3EA200CD070C /* advancedCalculator.m */ = {isa = PBXFileReference; lastKnownFileType = sourcecode.c.objc; path = advancedCalculator.m; sourceTree = "<group>"; };
		B1C7039C258E6B060084A492 /* demo_3.1.app */ = {isa = PBXFileReference; explicitFileType = wrapper.application; includeInIndex = 0; path = demo_3.1.app; sourceTree = BUILT_PRODUCTS_DIR; };
		B1C7039F258E6B060084A492 /* AppDelegate.h */ = {isa = PBXFileReference; lastKnownFileType = sourcecode.c.h; path = AppDelegate.h; sourceTree = "<group>"; };
		B1C703A0258E6B060084A492 /* AppDelegate.m */ = {isa = PBXFileReference; lastKnownFileType = sourcecode.c.objc; path = AppDelegate.m; sourceTree = "<group>"; };
		B1C703A2258E6B060084A492 /* SceneDelegate.h */ = {isa = PBXFileReference; lastKnownFileType = sourcecode.c.h; path = SceneDelegate.h; sourceTree = "<group>"; };
		B1C703A3258E6B060084A492 /* SceneDelegate.m */ = {isa = PBXFileReference; lastKnownFileType = sourcecode.c.objc; path = SceneDelegate.m; sourceTree = "<group>"; };
		B1C703A5258E6B060084A492 /* ViewController.h */ = {isa = PBXFileReference; lastKnownFileType = sourcecode.c.h; path = ViewController.h; sourceTree = "<group>"; };
		B1C703A6258E6B060084A492 /* ViewController.m */ = {isa = PBXFileReference; lastKnownFileType = sourcecode.c.objc; path = ViewController.m; sourceTree = "<group>"; };
		B1C703A9258E6B060084A492 /* Base */ = {isa = PBXFileReference; lastKnownFileType = file.storyboard; name = Base; path = Base.lproj/Main.storyboard; sourceTree = "<group>"; };
		B1C703AB258E6B0A0084A492 /* Assets.xcassets */ = {isa = PBXFileReference; lastKnownFileType = folder.assetcatalog; path = Assets.xcassets; sourceTree = "<group>"; };
		B1C703AE258E6B0A0084A492 /* Base */ = {isa = PBXFileReference; lastKnownFileType = file.storyboard; name = Base; path = Base.lproj/LaunchScreen.storyboard; sourceTree = "<group>"; };
		B1C703B0258E6B0A0084A492 /* Info.plist */ = {isa = PBXFileReference; lastKnownFileType = text.plist.xml; path = Info.plist; sourceTree = "<group>"; };
		B1C703B1258E6B0A0084A492 /* main.m */ = {isa = PBXFileReference; lastKnownFileType = sourcecode.c.objc; path = main.m; sourceTree = "<group>"; };
		B1C703B7258E6B0A0084A492 /* demo_3.1Tests.xctest */ = {isa = PBXFileReference; explicitFileType = wrapper.cfbundle; includeInIndex = 0; path = demo_3.1Tests.xctest; sourceTree = BUILT_PRODUCTS_DIR; };
		B1C703BB258E6B0A0084A492 /* demo_3_1Tests.m */ = {isa = PBXFileReference; lastKnownFileType = sourcecode.c.objc; path = demo_3_1Tests.m; sourceTree = "<group>"; };
		B1C703BD258E6B0A0084A492 /* Info.plist */ = {isa = PBXFileReference; lastKnownFileType = text.plist.xml; path = Info.plist; sourceTree = "<group>"; };
		B1C703C2258E6B0A0084A492 /* demo_3.1UITests.xctest */ = {isa = PBXFileReference; explicitFileType = wrapper.cfbundle; includeInIndex = 0; path = demo_3.1UITests.xctest; sourceTree = BUILT_PRODUCTS_DIR; };
		B1C703C6258E6B0A0084A492 /* demo_3_1UITests.m */ = {isa = PBXFileReference; lastKnownFileType = sourcecode.c.objc; path = demo_3_1UITests.m; sourceTree = "<group>"; };
		B1C703C8258E6B0A0084A492 /* Info.plist */ = {isa = PBXFileReference; lastKnownFileType = text.plist.xml; path = Info.plist; sourceTree = "<group>"; };
		B1C703E0258E6CD40084A492 /* Calculator.h */ = {isa = PBXFileReference; lastKnownFileType = sourcecode.c.h; path = Calculator.h; sourceTree = "<group>"; };
		B1C703E1258E6CD40084A492 /* Calculator.m */ = {isa = PBXFileReference; lastKnownFileType = sourcecode.c.objc; path = Calculator.m; sourceTree = "<group>"; };
		B1C703E9258E6D770084A492 /* btnView.h */ = {isa = PBXFileReference; lastKnownFileType = sourcecode.c.h; path = btnView.h; sourceTree = "<group>"; };
		B1C703EA258E6D770084A492 /* btnView.m */ = {isa = PBXFileReference; lastKnownFileType = sourcecode.c.objc; path = btnView.m; sourceTree = "<group>"; };
		B1F16FAB2592FF570020FD17 /* SecondViewController.h */ = {isa = PBXFileReference; lastKnownFileType = sourcecode.c.h; path = SecondViewController.h; sourceTree = "<group>"; };
		B1F16FAC2592FF570020FD17 /* SecondViewController.m */ = {isa = PBXFileReference; lastKnownFileType = sourcecode.c.objc; path = SecondViewController.m; sourceTree = "<group>"; };
		B1F16FB1259339FA0020FD17 /* Calculator+Health.h */ = {isa = PBXFileReference; lastKnownFileType = sourcecode.c.h; name = "Calculator+Health.h"; path = "model/Calculator+Health.h"; sourceTree = "<group>"; };
		B1F16FB2259339FA0020FD17 /* Calculator+Health.m */ = {isa = PBXFileReference; lastKnownFileType = sourcecode.c.objc; name = "Calculator+Health.m"; path = "model/Calculator+Health.m"; sourceTree = "<group>"; };
		B1F16FB7259341650020FD17 /* HealthViewController.h */ = {isa = PBXFileReference; lastKnownFileType = sourcecode.c.h; path = HealthViewController.h; sourceTree = "<group>"; };
		B1F16FB8259341650020FD17 /* HealthViewController.m */ = {isa = PBXFileReference; lastKnownFileType = sourcecode.c.objc; path = HealthViewController.m; sourceTree = "<group>"; };
/* End PBXFileReference section */

/* Begin PBXFrameworksBuildPhase section */
		B1C70399258E6B060084A492 /* Frameworks */ = {
			isa = PBXFrameworksBuildPhase;
			buildActionMask = 2147483647;
			files = (
			);
			runOnlyForDeploymentPostprocessing = 0;
		};
		B1C703B4258E6B0A0084A492 /* Frameworks */ = {
			isa = PBXFrameworksBuildPhase;
			buildActionMask = 2147483647;
			files = (
			);
			runOnlyForDeploymentPostprocessing = 0;
		};
		B1C703BF258E6B0A0084A492 /* Frameworks */ = {
			isa = PBXFrameworksBuildPhase;
			buildActionMask = 2147483647;
			files = (
			);
			runOnlyForDeploymentPostprocessing = 0;
		};
/* End PBXFrameworksBuildPhase section */

/* Begin PBXGroup section */
		B1C70393258E6B060084A492 = {
			isa = PBXGroup;
			children = (
				B1C7039E258E6B060084A492 /* demo_3.1 */,
				B1C703BA258E6B0A0084A492 /* demo_3.1Tests */,
				B1C703C5258E6B0A0084A492 /* demo_3.1UITests */,
				B1C7039D258E6B060084A492 /* Products */,
			);
			sourceTree = "<group>";
		};
		B1C7039D258E6B060084A492 /* Products */ = {
			isa = PBXGroup;
			children = (
				B1C7039C258E6B060084A492 /* demo_3.1.app */,
				B1C703B7258E6B0A0084A492 /* demo_3.1Tests.xctest */,
				B1C703C2258E6B0A0084A492 /* demo_3.1UITests.xctest */,
			);
			name = Products;
			sourceTree = "<group>";
		};
		B1C7039E258E6B060084A492 /* demo_3.1 */ = {
			isa = PBXGroup;
			children = (
				B1C703DF258E6CA90084A492 /* model */,
				B1C7039F258E6B060084A492 /* AppDelegate.h */,
				B1C703A0258E6B060084A492 /* AppDelegate.m */,
				B1C703A2258E6B060084A492 /* SceneDelegate.h */,
				B1C703A3258E6B060084A492 /* SceneDelegate.m */,
				B1C703A5258E6B060084A492 /* ViewController.h */,
				B1C703A6258E6B060084A492 /* ViewController.m */,
				B1C703A8258E6B060084A492 /* Main.storyboard */,
				B1C703AB258E6B0A0084A492 /* Assets.xcassets */,
				B1C703AD258E6B0A0084A492 /* LaunchScreen.storyboard */,
				B1C703B0258E6B0A0084A492 /* Info.plist */,
				B1C703B1258E6B0A0084A492 /* main.m */,
				B1C703E9258E6D770084A492 /* btnView.h */,
				B1C703EA258E6D770084A492 /* btnView.m */,
				B1F16FAB2592FF570020FD17 /* SecondViewController.h */,
				B1F16FAC2592FF570020FD17 /* SecondViewController.m */,
				B1F16FB1259339FA0020FD17 /* Calculator+Health.h */,
				B1F16FB2259339FA0020FD17 /* Calculator+Health.m */,
				B1F16FB7259341650020FD17 /* HealthViewController.h */,
				B1F16FB8259341650020FD17 /* HealthViewController.m */,
			);
			path = demo_3.1;
			sourceTree = "<group>";
		};
		B1C703BA258E6B0A0084A492 /* demo_3.1Tests */ = {
			isa = PBXGroup;
			children = (
				B1C703BB258E6B0A0084A492 /* demo_3_1Tests.m */,
				B1C703BD258E6B0A0084A492 /* Info.plist */,
			);
			path = demo_3.1Tests;
			sourceTree = "<group>";
		};
		B1C703C5258E6B0A0084A492 /* demo_3.1UITests */ = {
			isa = PBXGroup;
			children = (
				B1C703C6258E6B0A0084A492 /* demo_3_1UITests.m */,
				B1C703C8258E6B0A0084A492 /* Info.plist */,
			);
			path = demo_3.1UITests;
			sourceTree = "<group>";
		};
		B1C703DF258E6CA90084A492 /* model */ = {
			isa = PBXGroup;
			children = (
				B1C703E0258E6CD40084A492 /* Calculator.h */,
				B1C703E1258E6CD40084A492 /* Calculator.m */,
				B1297650258F3EA200CD070C /* advancedCalculator.h */,
				B1297651258F3EA200CD070C /* advancedCalculator.m */,
			);
			path = model;
			sourceTree = "<group>";
		};
/* End PBXGroup section */

/* Begin PBXNativeTarget section */
		B1C7039B258E6B060084A492 /* demo_3.1 */ = {
			isa = PBXNativeTarget;
			buildConfigurationList = B1C703CB258E6B0A0084A492 /* Build configuration list for PBXNativeTarget "demo_3.1" */;
			buildPhases = (
				B1C70398258E6B060084A492 /* Sources */,
				B1C70399258E6B060084A492 /* Frameworks */,
				B1C7039A258E6B060084A492 /* Resources */,
			);
			buildRules = (
			);
			dependencies = (
			);
			name = demo_3.1;
			productName = demo_3.1;
			productReference = B1C7039C258E6B060084A492 /* demo_3.1.app */;
			productType = "com.apple.product-type.application";
		};
		B1C703B6258E6B0A0084A492 /* demo_3.1Tests */ = {
			isa = PBXNativeTarget;
			buildConfigurationList = B1C703CE258E6B0A0084A492 /* Build configuration list for PBXNativeTarget "demo_3.1Tests" */;
			buildPhases = (
				B1C703B3258E6B0A0084A492 /* Sources */,
				B1C703B4258E6B0A0084A492 /* Frameworks */,
				B1C703B5258E6B0A0084A492 /* Resources */,
			);
			buildRules = (
			);
			dependencies = (
				B1C703B9258E6B0A0084A492 /* PBXTargetDependency */,
			);
			name = demo_3.1Tests;
			productName = demo_3.1Tests;
			productReference = B1C703B7258E6B0A0084A492 /* demo_3.1Tests.xctest */;
			productType = "com.apple.product-type.bundle.unit-test";
		};
		B1C703C1258E6B0A0084A492 /* demo_3.1UITests */ = {
			isa = PBXNativeTarget;
			buildConfigurationList = B1C703D1258E6B0A0084A492 /* Build configuration list for PBXNativeTarget "demo_3.1UITests" */;
			buildPhases = (
				B1C703BE258E6B0A0084A492 /* Sources */,
				B1C703BF258E6B0A0084A492 /* Frameworks */,
				B1C703C0258E6B0A0084A492 /* Resources */,
			);
			buildRules = (
			);
			dependencies = (
				B1C703C4258E6B0A0084A492 /* PBXTargetDependency */,
			);
			name = demo_3.1UITests;
			productName = demo_3.1UITests;
			productReference = B1C703C2258E6B0A0084A492 /* demo_3.1UITests.xctest */;
			productType = "com.apple.product-type.bundle.ui-testing";
		};
/* End PBXNativeTarget section */

/* Begin PBXProject section */
		B1C70394258E6B060084A492 /* Project object */ = {
			isa = PBXProject;
			attributes = {
				LastUpgradeCheck = 1220;
				TargetAttributes = {
					B1C7039B258E6B060084A492 = {
						CreatedOnToolsVersion = 12.2;
					};
					B1C703B6258E6B0A0084A492 = {
						CreatedOnToolsVersion = 12.2;
						TestTargetID = B1C7039B258E6B060084A492;
					};
					B1C703C1258E6B0A0084A492 = {
						CreatedOnToolsVersion = 12.2;
						TestTargetID = B1C7039B258E6B060084A492;
					};
				};
			};
			buildConfigurationList = B1C70397258E6B060084A492 /* Build configuration list for PBXProject "demo_3.1" */;
			compatibilityVersion = "Xcode 9.3";
			developmentRegion = en;
			hasScannedForEncodings = 0;
			knownRegions = (
				en,
				Base,
			);
			mainGroup = B1C70393258E6B060084A492;
			productRefGroup = B1C7039D258E6B060084A492 /* Products */;
			projectDirPath = "";
			projectRoot = "";
			targets = (
				B1C7039B258E6B060084A492 /* demo_3.1 */,
				B1C703B6258E6B0A0084A492 /* demo_3.1Tests */,
				B1C703C1258E6B0A0084A492 /* demo_3.1UITests */,
			);
		};
/* End PBXProject section */

/* Begin PBXResourcesBuildPhase section */
		B1C7039A258E6B060084A492 /* Resources */ = {
			isa = PBXResourcesBuildPhase;
			buildActionMask = 2147483647;
			files = (
				B1C703AF258E6B0A0084A492 /* LaunchScreen.storyboard in Resources */,
				B1C703AC258E6B0A0084A492 /* Assets.xcassets in Resources */,
				B1C703AA258E6B060084A492 /* Main.storyboard in Resources */,
			);
			runOnlyForDeploymentPostprocessing = 0;
		};
		B1C703B5258E6B0A0084A492 /* Resources */ = {
			isa = PBXResourcesBuildPhase;
			buildActionMask = 2147483647;
			files = (
			);
			runOnlyForDeploymentPostprocessing = 0;
		};
		B1C703C0258E6B0A0084A492 /* Resources */ = {
			isa = PBXResourcesBuildPhase;
			buildActionMask = 2147483647;
			files = (
			);
			runOnlyForDeploymentPostprocessing = 0;
		};
/* End PBXResourcesBuildPhase section */

/* Begin PBXSourcesBuildPhase section */
		B1C70398258E6B060084A492 /* Sources */ = {
			isa = PBXSourcesBuildPhase;
			buildActionMask = 2147483647;
			files = (
				B1297652258F3EA200CD070C /* advancedCalculator.m in Sources */,
				B1C703A7258E6B060084A492 /* ViewController.m in Sources */,
				B1C703A1258E6B060084A492 /* AppDelegate.m in Sources */,
				B1C703B2258E6B0A0084A492 /* main.m in Sources */,
				B1F16FAD2592FF570020FD17 /* SecondViewController.m in Sources */,
				B1F16FB3259339FA0020FD17 /* Calculator+Health.m in Sources */,
				B1C703A4258E6B060084A492 /* SceneDelegate.m in Sources */,
				B1C703E2258E6CD40084A492 /* Calculator.m in Sources */,
				B1F16FB9259341650020FD17 /* HealthViewController.m in Sources */,
				B1C703EB258E6D770084A492 /* btnView.m in Sources */,
			);
			runOnlyForDeploymentPostprocessing = 0;
		};
		B1C703B3258E6B0A0084A492 /* Sources */ = {
			isa = PBXSourcesBuildPhase;
			buildActionMask = 2147483647;
			files = (
				B1C703BC258E6B0A0084A492 /* demo_3_1Tests.m in Sources */,
			);
			runOnlyForDeploymentPostprocessing = 0;
		};
		B1C703BE258E6B0A0084A492 /* Sources */ = {
			isa = PBXSourcesBuildPhase;
			buildActionMask = 2147483647;
			files = (
				B1C703C7258E6B0A0084A492 /* demo_3_1UITests.m in Sources */,
			);
			runOnlyForDeploymentPostprocessing = 0;
		};
/* End PBXSourcesBuildPhase section */

/* Begin PBXTargetDependency section */
		B1C703B9258E6B0A0084A492 /* PBXTargetDependency */ = {
			isa = PBXTargetDependency;
			target = B1C7039B258E6B060084A492 /* demo_3.1 */;
			targetProxy = B1C703B8258E6B0A0084A492 /* PBXContainerItemProxy */;
		};
		B1C703C4258E6B0A0084A492 /* PBXTargetDependency */ = {
			isa = PBXTargetDependency;
			target = B1C7039B258E6B060084A492 /* demo_3.1 */;
			targetProxy = B1C703C3258E6B0A0084A492 /* PBXContainerItemProxy */;
		};
/* End PBXTargetDependency section */

/* Begin PBXVariantGroup section */
		B1C703A8258E6B060084A492 /* Main.storyboard */ = {
			isa = PBXVariantGroup;
			children = (
				B1C703A9258E6B060084A492 /* Base */,
			);
			name = Main.storyboard;
			sourceTree = "<group>";
		};
		B1C703AD258E6B0A0084A492 /* LaunchScreen.storyboard */ = {
			isa = PBXVariantGroup;
			children = (
				B1C703AE258E6B0A0084A492 /* Base */,
			);
			name = LaunchScreen.storyboard;
			sourceTree = "<group>";
		};
/* End PBXVariantGroup section */

/* Begin XCBuildConfiguration section */
		B1C703C9258E6B0A0084A492 /* Debug */ = {
			isa = XCBuildConfiguration;
			buildSettings = {
				ALWAYS_SEARCH_USER_PATHS = NO;
				CLANG_ANALYZER_NONNULL = YES;
				CLANG_ANALYZER_NUMBER_OBJECT_CONVERSION = YES_AGGRESSIVE;
				CLANG_CXX_LANGUAGE_STANDARD = "gnu++14";
				CLANG_CXX_LIBRARY = "libc++";
				CLANG_ENABLE_MODULES = YES;
				CLANG_ENABLE_OBJC_ARC = YES;
				CLANG_ENABLE_OBJC_WEAK = YES;
				CLANG_WARN_BLOCK_CAPTURE_AUTORELEASING = YES;
				CLANG_WARN_BOOL_CONVERSION = YES;
				CLANG_WARN_COMMA = YES;
				CLANG_WARN_CONSTANT_CONVERSION = YES;
				CLANG_WARN_DEPRECATED_OBJC_IMPLEMENTATIONS = YES;
				CLANG_WARN_DIRECT_OBJC_ISA_USAGE = YES_ERROR;
				CLANG_WARN_DOCUMENTATION_COMMENTS = YES;
				CLANG_WARN_EMPTY_BODY = YES;
				CLANG_WARN_ENUM_CONVERSION = YES;
				CLANG_WARN_INFINITE_RECURSION = YES;
				CLANG_WARN_INT_CONVERSION = YES;
				CLANG_WARN_NON_LITERAL_NULL_CONVERSION = YES;
				CLANG_WARN_OBJC_IMPLICIT_RETAIN_SELF = YES;
				CLANG_WARN_OBJC_LITERAL_CONVERSION = YES;
				CLANG_WARN_OBJC_ROOT_CLASS = YES_ERROR;
				CLANG_WARN_QUOTED_INCLUDE_IN_FRAMEWORK_HEADER = YES;
				CLANG_WARN_RANGE_LOOP_ANALYSIS = YES;
				CLANG_WARN_STRICT_PROTOTYPES = YES;
				CLANG_WARN_SUSPICIOUS_MOVE = YES;
				CLANG_WARN_UNGUARDED_AVAILABILITY = YES_AGGRESSIVE;
				CLANG_WARN_UNREACHABLE_CODE = YES;
				CLANG_WARN__DUPLICATE_METHOD_MATCH = YES;
				COPY_PHASE_STRIP = NO;
				DEBUG_INFORMATION_FORMAT = dwarf;
				ENABLE_STRICT_OBJC_MSGSEND = YES;
				ENABLE_TESTABILITY = YES;
				GCC_C_LANGUAGE_STANDARD = gnu11;
				GCC_DYNAMIC_NO_PIC = NO;
				GCC_NO_COMMON_BLOCKS = YES;
				GCC_OPTIMIZATION_LEVEL = 0;
				GCC_PREPROCESSOR_DEFINITIONS = (
					"DEBUG=1",
					"$(inherited)",
				);
				GCC_WARN_64_TO_32_BIT_CONVERSION = YES;
				GCC_WARN_ABOUT_RETURN_TYPE = YES_ERROR;
				GCC_WARN_UNDECLARED_SELECTOR = YES;
				GCC_WARN_UNINITIALIZED_AUTOS = YES_AGGRESSIVE;
				GCC_WARN_UNUSED_FUNCTION = YES;
				GCC_WARN_UNUSED_VARIABLE = YES;
				IPHONEOS_DEPLOYMENT_TARGET = 14.2;
				MTL_ENABLE_DEBUG_INFO = INCLUDE_SOURCE;
				MTL_FAST_MATH = YES;
				ONLY_ACTIVE_ARCH = YES;
				SDKROOT = iphoneos;
			};
			name = Debug;
		};
		B1C703CA258E6B0A0084A492 /* Release */ = {
			isa = XCBuildConfiguration;
			buildSettings = {
				ALWAYS_SEARCH_USER_PATHS = NO;
				CLANG_ANALYZER_NONNULL = YES;
				CLANG_ANALYZER_NUMBER_OBJECT_CONVERSION = YES_AGGRESSIVE;
				CLANG_CXX_LANGUAGE_STANDARD = "gnu++14";
				CLANG_CXX_LIBRARY = "libc++";
				CLANG_ENABLE_MODULES = YES;
				CLANG_ENABLE_OBJC_ARC = YES;
				CLANG_ENABLE_OBJC_WEAK = YES;
				CLANG_WARN_BLOCK_CAPTURE_AUTORELEASING = YES;
				CLANG_WARN_BOOL_CONVERSION = YES;
				CLANG_WARN_COMMA = YES;
				CLANG_WARN_CONSTANT_CONVERSION = YES;
				CLANG_WARN_DEPRECATED_OBJC_IMPLEMENTATIONS = YES;
				CLANG_WARN_DIRECT_OBJC_ISA_USAGE = YES_ERROR;
				CLANG_WARN_DOCUMENTATION_COMMENTS = YES;
				CLANG_WARN_EMPTY_BODY = YES;
				CLANG_WARN_ENUM_CONVERSION = YES;
				CLANG_WARN_INFINITE_RECURSION = YES;
				CLANG_WARN_INT_CONVERSION = YES;
				CLANG_WARN_NON_LITERAL_NULL_CONVERSION = YES;
				CLANG_WARN_OBJC_IMPLICIT_RETAIN_SELF = YES;
				CLANG_WARN_OBJC_LITERAL_CONVERSION = YES;
				CLANG_WARN_OBJC_ROOT_CLASS = YES_ERROR;
				CLANG_WARN_QUOTED_INCLUDE_IN_FRAMEWORK_HEADER = YES;
				CLANG_WARN_RANGE_LOOP_ANALYSIS = YES;
				CLANG_WARN_STRICT_PROTOTYPES = YES;
				CLANG_WARN_SUSPICIOUS_MOVE = YES;
				CLANG_WARN_UNGUARDED_AVAILABILITY = YES_AGGRESSIVE;
				CLANG_WARN_UNREACHABLE_CODE = YES;
				CLANG_WARN__DUPLICATE_METHOD_MATCH = YES;
				COPY_PHASE_STRIP = NO;
				DEBUG_INFORMATION_FORMAT = "dwarf-with-dsym";
				ENABLE_NS_ASSERTIONS = NO;
				ENABLE_STRICT_OBJC_MSGSEND = YES;
				GCC_C_LANGUAGE_STANDARD = gnu11;
				GCC_NO_COMMON_BLOCKS = YES;
				GCC_WARN_64_TO_32_BIT_CONVERSION = YES;
				GCC_WARN_ABOUT_RETURN_TYPE = YES_ERROR;
				GCC_WARN_UNDECLARED_SELECTOR = YES;
				GCC_WARN_UNINITIALIZED_AUTOS = YES_AGGRESSIVE;
				GCC_WARN_UNUSED_FUNCTION = YES;
				GCC_WARN_UNUSED_VARIABLE = YES;
				IPHONEOS_DEPLOYMENT_TARGET = 14.2;
				MTL_ENABLE_DEBUG_INFO = NO;
				MTL_FAST_MATH = YES;
				SDKROOT = iphoneos;
				VALIDATE_PRODUCT = YES;
			};
			name = Release;
		};
		B1C703CC258E6B0A0084A492 /* Debug */ = {
			isa = XCBuildConfiguration;
			buildSettings = {
				ASSETCATALOG_COMPILER_APPICON_NAME = AppIcon;
				ASSETCATALOG_COMPILER_GLOBAL_ACCENT_COLOR_NAME = AccentColor;
				CODE_SIGN_STYLE = Automatic;
				INFOPLIST_FILE = demo_3.1/Info.plist;
				LD_RUNPATH_SEARCH_PATHS = (
					"$(inherited)",
					"@executable_path/Frameworks",
				);
				PRODUCT_BUNDLE_IDENTIFIER = "com.lzy.demo-3-1";
				PRODUCT_NAME = "$(TARGET_NAME)";
				TARGETED_DEVICE_FAMILY = "1,2";
			};
			name = Debug;
		};
		B1C703CD258E6B0A0084A492 /* Release */ = {
			isa = XCBuildConfiguration;
			buildSettings = {
				ASSETCATALOG_COMPILER_APPICON_NAME = AppIcon;
				ASSETCATALOG_COMPILER_GLOBAL_ACCENT_COLOR_NAME = AccentColor;
				CODE_SIGN_STYLE = Automatic;
				INFOPLIST_FILE = demo_3.1/Info.plist;
				LD_RUNPATH_SEARCH_PATHS = (
					"$(inherited)",
					"@executable_path/Frameworks",
				);
				PRODUCT_BUNDLE_IDENTIFIER = "com.lzy.demo-3-1";
				PRODUCT_NAME = "$(TARGET_NAME)";
				TARGETED_DEVICE_FAMILY = "1,2";
			};
			name = Release;
		};
		B1C703CF258E6B0A0084A492 /* Debug */ = {
			isa = XCBuildConfiguration;
			buildSettings = {
				BUNDLE_LOADER = "$(TEST_HOST)";
				CODE_SIGN_STYLE = Automatic;
				INFOPLIST_FILE = demo_3.1Tests/Info.plist;
				IPHONEOS_DEPLOYMENT_TARGET = 14.2;
				LD_RUNPATH_SEARCH_PATHS = (
					"$(inherited)",
					"@executable_path/Frameworks",
					"@loader_path/Frameworks",
				);
				PRODUCT_BUNDLE_IDENTIFIER = "com.lzy.demo-3-1Tests";
				PRODUCT_NAME = "$(TARGET_NAME)";
				TARGETED_DEVICE_FAMILY = "1,2";
				TEST_HOST = "$(BUILT_PRODUCTS_DIR)/demo_3.1.app/demo_3.1";
			};
			name = Debug;
		};
		B1C703D0258E6B0A0084A492 /* Release */ = {
			isa = XCBuildConfiguration;
			buildSettings = {
				BUNDLE_LOADER = "$(TEST_HOST)";
				CODE_SIGN_STYLE = Automatic;
				INFOPLIST_FILE = demo_3.1Tests/Info.plist;
				IPHONEOS_DEPLOYMENT_TARGET = 14.2;
				LD_RUNPATH_SEARCH_PATHS = (
					"$(inherited)",
					"@executable_path/Frameworks",
					"@loader_path/Frameworks",
				);
				PRODUCT_BUNDLE_IDENTIFIER = "com.lzy.demo-3-1Tests";
				PRODUCT_NAME = "$(TARGET_NAME)";
				TARGETED_DEVICE_FAMILY = "1,2";
				TEST_HOST = "$(BUILT_PRODUCTS_DIR)/demo_3.1.app/demo_3.1";
			};
			name = Release;
		};
		B1C703D2258E6B0A0084A492 /* Debug */ = {
			isa = XCBuildConfiguration;
			buildSettings = {
				CODE_SIGN_STYLE = Automatic;
				INFOPLIST_FILE = demo_3.1UITests/Info.plist;
				LD_RUNPATH_SEARCH_PATHS = (
					"$(inherited)",
					"@executable_path/Frameworks",
					"@loader_path/Frameworks",
				);
				PRODUCT_BUNDLE_IDENTIFIER = "com.lzy.demo-3-1UITests";
				PRODUCT_NAME = "$(TARGET_NAME)";
				TARGETED_DEVICE_FAMILY = "1,2";
				TEST_TARGET_NAME = demo_3.1;
			};
			name = Debug;
		};
		B1C703D3258E6B0A0084A492 /* Release */ = {
			isa = XCBuildConfiguration;
			buildSettings = {
				CODE_SIGN_STYLE = Automatic;
				INFOPLIST_FILE = demo_3.1UITests/Info.plist;
				LD_RUNPATH_SEARCH_PATHS = (
					"$(inherited)",
					"@executable_path/Frameworks",
					"@loader_path/Frameworks",
				);
				PRODUCT_BUNDLE_IDENTIFIER = "com.lzy.demo-3-1UITests";
				PRODUCT_NAME = "$(TARGET_NAME)";
				TARGETED_DEVICE_FAMILY = "1,2";
				TEST_TARGET_NAME = demo_3.1;
			};
			name = Release;
		};
/* End XCBuildConfiguration section */

/* Begin XCConfigurationList section */
		B1C70397258E6B060084A492 /* Build configuration list for PBXProject "demo_3.1" */ = {
			isa = XCConfigurationList;
			buildConfigurations = (
				B1C703C9258E6B0A0084A492 /* Debug */,
				B1C703CA258E6B0A0084A492 /* Release */,
			);
			defaultConfigurationIsVisible = 0;
			defaultConfigurationName = Release;
		};
		B1C703CB258E6B0A0084A492 /* Build configuration list for PBXNativeTarget "demo_3.1" */ = {
			isa = XCConfigurationList;
			buildConfigurations = (
				B1C703CC258E6B0A0084A492 /* Debug */,
				B1C703CD258E6B0A0084A492 /* Release */,
			);
			defaultConfigurationIsVisible = 0;
			defaultConfigurationName = Release;
		};
		B1C703CE258E6B0A0084A492 /* Build configuration list for PBXNativeTarget "demo_3.1Tests" */ = {
			isa = XCConfigurationList;
			buildConfigurations = (
				B1C703CF258E6B0A0084A492 /* Debug */,
				B1C703D0258E6B0A0084A492 /* Release */,
			);
			defaultConfigurationIsVisible = 0;
			defaultConfigurationName = Release;
		};
		B1C703D1258E6B0A0084A492 /* Build configuration list for PBXNativeTarget "demo_3.1UITests" */ = {
			isa = XCConfigurationList;
			buildConfigurations = (
				B1C703D2258E6B0A0084A492 /* Debug */,
				B1C703D3258E6B0A0084A492 /* Release */,
			);
			defaultConfigurationIsVisible = 0;
			defaultConfigurationName = Release;
		};
/* End XCConfigurationList section */
	};
	rootObject = B1C70394258E6B060084A492 /* Project object */;
}
